
Microsoft Visual Studio Solution File, Format Version 12.00
# Visual Studio Version 17
VisualStudioVersion = 17.3.32819.101
MinimumVisualStudioVersion = 10.0.40219.1
Project("{FAE04EC0-301F-11D3-BF4B-00C04F79EFBC}") = "ASP.NETCoreWebApi", "ASP.NETCoreWebApi.csproj", "{6C79643E-3289-4F3B-BFEC-09D878D70EB7}"
EndProject
Global
	GlobalSection(SolutionConfigurationPlatforms) = preSolution
		Debug|Any CPU = Debug|Any CPU
		Release|Any CPU = Release|Any CPU
	EndGlobalSection
	GlobalSection(ProjectConfigurationPlatforms) = postSolution
		{6C79643E-3289-4F3B-BFEC-09D878D70EB7}.Debug|Any CPU.ActiveCfg = Debug|Any CPU
		{6C79643E-3289-4F3B-BFEC-09D878D70EB7}.Debug|Any CPU.Build.0 = Debug|Any CPU
		{6C79643E-3289-4F3B-BFEC-09D878D70EB7}.Release|Any CPU.ActiveCfg = Release|Any CPU
		{6C79643E-3289-4F3B-BFEC-09D878D70EB7}.Release|Any CPU.Build.0 = Release|Any CPU
	EndGlobalSection
	GlobalSection(SolutionProperties) = preSolution
		HideSolutionNode = FALSE
	EndGlobalSection
	GlobalSection(ExtensibilityGlobals) = postSolution
		SolutionGuid = {564F421D-149C-4570-8C83-D5A67DA2D306}
	EndGlobalSection
EndGlobal
